
Microsoft Visual Studio Solution File, Format Version 12.00
# Visual Studio 2012
Project("{FAE04EC0-301F-11D3-BF4B-00C04F79EFBC}") = "TLib.Core", "TLib.Core\TLib.Core.csproj", "{737C94B7-3816-4567-A318-A12CC2478FCD}"
EndProject
Project("{FAE04EC0-301F-11D3-BF4B-00C04F79EFBC}") = "TLib.Winform", "TLib.Winform\TLib.Winform.csproj", "{CD8E8850-4628-4768-869F-1F1DB1452ECB}"
EndProject
Project("{FAE04EC0-301F-11D3-BF4B-00C04F79EFBC}") = "TLib.Sample", "TLib.Sample\TLib.Sample.csproj", "{CAD5D9D8-6041-4BE2-BD0F-53A7D92B5A91}"
EndProject
Project("{2150E333-8FDC-42A3-9474-1A3956D46DE8}") = ".nuget", ".nuget", "{269F4448-E46A-4AA7-8EEA-60BAB11CAFE3}"
	ProjectSection(SolutionItems) = preProject
		.nuget\NuGet.Config = .nuget\NuGet.Config
		.nuget\NuGet.exe = .nuget\NuGet.exe
		.nuget\NuGet.targets = .nuget\NuGet.targets
	EndProjectSection
EndProject
Global
	GlobalSection(SolutionConfigurationPlatforms) = preSolution
		Debug|Any CPU = Debug|Any CPU
		Release|Any CPU = Release|Any CPU
	EndGlobalSection
	GlobalSection(ProjectConfigurationPlatforms) = postSolution
		{737C94B7-3816-4567-A318-A12CC2478FCD}.Debug|Any CPU.ActiveCfg = Debug|Any CPU
		{737C94B7-3816-4567-A318-A12CC2478FCD}.Debug|Any CPU.Build.0 = Debug|Any CPU
		{737C94B7-3816-4567-A318-A12CC2478FCD}.Release|Any CPU.ActiveCfg = Release|Any CPU
		{737C94B7-3816-4567-A318-A12CC2478FCD}.Release|Any CPU.Build.0 = Release|Any CPU
		{CD8E8850-4628-4768-869F-1F1DB1452ECB}.Debug|Any CPU.ActiveCfg = Debug|Any CPU
		{CD8E8850-4628-4768-869F-1F1DB1452ECB}.Debug|Any CPU.Build.0 = Debug|Any CPU
		{CD8E8850-4628-4768-869F-1F1DB1452ECB}.Release|Any CPU.ActiveCfg = Release|Any CPU
		{CD8E8850-4628-4768-869F-1F1DB1452ECB}.Release|Any CPU.Build.0 = Release|Any CPU
		{CAD5D9D8-6041-4BE2-BD0F-53A7D92B5A91}.Debug|Any CPU.ActiveCfg = Debug|Any CPU
		{CAD5D9D8-6041-4BE2-BD0F-53A7D92B5A91}.Debug|Any CPU.Build.0 = Debug|Any CPU
		{CAD5D9D8-6041-4BE2-BD0F-53A7D92B5A91}.Release|Any CPU.ActiveCfg = Release|Any CPU
		{CAD5D9D8-6041-4BE2-BD0F-53A7D92B5A91}.Release|Any CPU.Build.0 = Release|Any CPU
	EndGlobalSection
	GlobalSection(SolutionProperties) = preSolution
		HideSolutionNode = FALSE
	EndGlobalSection
EndGlobal
